// !$*UTF8*$!
{
	archiveVersion = 1;
	classes = {
	};
	objectVersion = 50;
	objects = {

/* Begin PBXBuildFile section */
		CB2A020F26CD5F16005AA613 /* ResultViewController.swift in Sources */ = {isa = PBXBuildFile; fileRef = CB2A020E26CD5F16005AA613 /* ResultViewController.swift */; };
		CBB506BF26C3CE2E00AE9638 /* AppDelegate.swift in Sources */ = {isa = PBXBuildFile; fileRef = CBB506BE26C3CE2E00AE9638 /* AppDelegate.swift */; };
		CBB506C126C3CE2E00AE9638 /* SceneDelegate.swift in Sources */ = {isa = PBXBuildFile; fileRef = CBB506C026C3CE2E00AE9638 /* SceneDelegate.swift */; };
		CBB506C326C3CE2E00AE9638 /* ViewController.swift in Sources */ = {isa = PBXBuildFile; fileRef = CBB506C226C3CE2E00AE9638 /* ViewController.swift */; };
		CBB506C626C3CE2E00AE9638 /* Main.storyboard in Resources */ = {isa = PBXBuildFile; fileRef = CBB506C426C3CE2E00AE9638 /* Main.storyboard */; };
		CBB506C826C3CE3000AE9638 /* Assets.xcassets in Resources */ = {isa = PBXBuildFile; fileRef = CBB506C726C3CE3000AE9638 /* Assets.xcassets */; };
		CBB506CB26C3CE3000AE9638 /* LaunchScreen.storyboard in Resources */ = {isa = PBXBuildFile; fileRef = CBB506C926C3CE3000AE9638 /* LaunchScreen.storyboard */; };
/* End PBXBuildFile section */

/* Begin PBXFileReference section */
		CB2A020E26CD5F16005AA613 /* ResultViewController.swift */ = {isa = PBXFileReference; lastKnownFileType = sourcecode.swift; path = ResultViewController.swift; sourceTree = "<group>"; };
		CBB506BB26C3CE2E00AE9638 /* TapFight.app */ = {isa = PBXFileReference; explicitFileType = wrapper.application; includeInIndex = 0; path = TapFight.app; sourceTree = BUILT_PRODUCTS_DIR; };
		CBB506BE26C3CE2E00AE9638 /* AppDelegate.swift */ = {isa = PBXFileReference; lastKnownFileType = sourcecode.swift; path = AppDelegate.swift; sourceTree = "<group>"; };
		CBB506C026C3CE2E00AE9638 /* SceneDelegate.swift */ = {isa = PBXFileReference; lastKnownFileType = sourcecode.swift; path = SceneDelegate.swift; sourceTree = "<group>"; };
		CBB506C226C3CE2E00AE9638 /* ViewController.swift */ = {isa = PBXFileReference; lastKnownFileType = sourcecode.swift; path = ViewController.swift; sourceTree = "<group>"; };
		CBB506C526C3CE2E00AE9638 /* Base */ = {isa = PBXFileReference; lastKnownFileType = file.storyboard; name = Base; path = Base.lproj/Main.storyboard; sourceTree = "<group>"; };
		CBB506C726C3CE3000AE9638 /* Assets.xcassets */ = {isa = PBXFileReference; lastKnownFileType = folder.assetcatalog; path = Assets.xcassets; sourceTree = "<group>"; };
		CBB506CA26C3CE3000AE9638 /* Base */ = {isa = PBXFileReference; lastKnownFileType = file.storyboard; name = Base; path = Base.lproj/LaunchScreen.storyboard; sourceTree = "<group>"; };
		CBB506CC26C3CE3000AE9638 /* Info.plist */ = {isa = PBXFileReference; lastKnownFileType = text.plist.xml; path = Info.plist; sourceTree = "<group>"; };
/* End PBXFileReference section */

/* Begin PBXFrameworksBuildPhase section */
		CBB506B826C3CE2E00AE9638 /* Frameworks */ = {
			isa = PBXFrameworksBuildPhase;
			buildActionMask = 2147483647;
			files = (
			);
			runOnlyForDeploymentPostprocessing = 0;
		};
/* End PBXFrameworksBuildPhase section */

/* Begin PBXGroup section */
		CBB506B226C3CE2E00AE9638 = {
			isa = PBXGroup;
			children = (
				CBB506BD26C3CE2E00AE9638 /* TapFight */,
				CBB506BC26C3CE2E00AE9638 /* Products */,
			);
			sourceTree = "<group>";
		};
		CBB506BC26C3CE2E00AE9638 /* Products */ = {
			isa = PBXGroup;
			children = (
				CBB506BB26C3CE2E00AE9638 /* TapFight.app */,
			);
			name = Products;
			sourceTree = "<group>";
		};
		CBB506BD26C3CE2E00AE9638 /* TapFight */ = {
			isa = PBXGroup;
			children = (
				CBB506BE26C3CE2E00AE9638 /* AppDelegate.swift */,
				CBB506C026C3CE2E00AE9638 /* SceneDelegate.swift */,
				CBB506C226C3CE2E00AE9638 /* ViewController.swift */,
				CBB506C426C3CE2E00AE9638 /* Main.storyboard */,
				CBB506C726C3CE3000AE9638 /* Assets.xcassets */,
				CBB506C926C3CE3000AE9638 /* LaunchScreen.storyboard */,
				CBB506CC26C3CE3000AE9638 /* Info.plist */,
				CB2A020E26CD5F16005AA613 /* ResultViewController.swift */,
			);
			path = TapFight;
			sourceTree = "<group>";
		};
/* End PBXGroup section */

/* Begin PBXNativeTarget section */
		CBB506BA26C3CE2E00AE9638 /* TapFight */ = {
			isa = PBXNativeTarget;
			buildConfigurationList = CBB506CF26C3CE3000AE9638 /* Build configuration list for PBXNativeTarget "TapFight" */;
			buildPhases = (
				CBB506B726C3CE2E00AE9638 /* Sources */,
				CBB506B826C3CE2E00AE9638 /* Frameworks */,
				CBB506B926C3CE2E00AE9638 /* Resources */,
			);
			buildRules = (
			);
			dependencies = (
			);
			name = TapFight;
			productName = TapFight;
			productReference = CBB506BB26C3CE2E00AE9638 /* TapFight.app */;
			productType = "com.apple.product-type.application";
		};
/* End PBXNativeTarget section */

/* Begin PBXProject section */
		CBB506B326C3CE2E00AE9638 /* Project object */ = {
			isa = PBXProject;
			attributes = {
				LastSwiftUpdateCheck = 1250;
				LastUpgradeCheck = 1250;
				TargetAttributes = {
					CBB506BA26C3CE2E00AE9638 = {
						CreatedOnToolsVersion = 12.5.1;
					};
				};
			};
			buildConfigurationList = CBB506B626C3CE2E00AE9638 /* Build configuration list for PBXProject "TapFight" */;
			compatibilityVersion = "Xcode 9.3";
			developmentRegion = en;
			hasScannedForEncodings = 0;
			knownRegions = (
				en,
				Base,
			);
			mainGroup = CBB506B226C3CE2E00AE9638;
			productRefGroup = CBB506BC26C3CE2E00AE9638 /* Products */;
			projectDirPath = "";
			projectRoot = "";
			targets = (
				CBB506BA26C3CE2E00AE9638 /* TapFight */,
			);
		};
/* End PBXProject section */

/* Begin PBXResourcesBuildPhase section */
		CBB506B926C3CE2E00AE9638 /* Resources */ = {
			isa = PBXResourcesBuildPhase;
			buildActionMask = 2147483647;
			files = (
				CBB506CB26C3CE3000AE9638 /* LaunchScreen.storyboard in Resources */,
				CBB506C826C3CE3000AE9638 /* Assets.xcassets in Resources */,
				CBB506C626C3CE2E00AE9638 /* Main.storyboard in Resources */,
			);
			runOnlyForDeploymentPostprocessing = 0;
		};
/* End PBXResourcesBuildPhase section */

/* Begin PBXSourcesBuildPhase section */
		CBB506B726C3CE2E00AE9638 /* Sources */ = {
			isa = PBXSourcesBuildPhase;
			buildActionMask = 2147483647;
			files = (
				CBB506C326C3CE2E00AE9638 /* ViewController.swift in Sources */,
				CBB506BF26C3CE2E00AE9638 /* AppDelegate.swift in Sources */,
				CBB506C126C3CE2E00AE9638 /* SceneDelegate.swift in Sources */,
				CB2A020F26CD5F16005AA613 /* ResultViewController.swift in Sources */,
			);
			runOnlyForDeploymentPostprocessing = 0;
		};
/* End PBXSourcesBuildPhase section */

/* Begin PBXVariantGroup section */
		CBB506C426C3CE2E00AE9638 /* Main.storyboard */ = {
			isa = PBXVariantGroup;
			children = (
				CBB506C526C3CE2E00AE9638 /* Base */,
			);
			name = Main.storyboard;
			sourceTree = "<group>";
		};
		CBB506C926C3CE3000AE9638 /* LaunchScreen.storyboard */ = {
			isa = PBXVariantGroup;
			children = (
				CBB506CA26C3CE3000AE9638 /* Base */,
			);
			name = LaunchScreen.storyboard;
			sourceTree = "<group>";
		};
/* End PBXVariantGroup section */

/* Begin XCBuildConfiguration section */
		CBB506CD26C3CE3000AE9638 /* Debug */ = {
			isa = XCBuildConfiguration;
			buildSettings = {
				ALWAYS_SEARCH_USER_PATHS = NO;
				CLANG_ANALYZER_NONNULL = YES;
				CLANG_ANALYZER_NUMBER_OBJECT_CONVERSION = YES_AGGRESSIVE;
				CLANG_CXX_LANGUAGE_STANDARD = "gnu++14";
				CLANG_CXX_LIBRARY = "libc++";
				CLANG_ENABLE_MODULES = YES;
				CLANG_ENABLE_OBJC_ARC = YES;
				CLANG_ENABLE_OBJC_WEAK = YES;
				CLANG_WARN_BLOCK_CAPTURE_AUTORELEASING = YES;
				CLANG_WARN_BOOL_CONVERSION = YES;
				CLANG_WARN_COMMA = YES;
				CLANG_WARN_CONSTANT_CONVERSION = YES;
				CLANG_WARN_DEPRECATED_OBJC_IMPLEMENTATIONS = YES;
				CLANG_WARN_DIRECT_OBJC_ISA_USAGE = YES_ERROR;
				CLANG_WARN_DOCUMENTATION_COMMENTS = YES;
				CLANG_WARN_EMPTY_BODY = YES;
				CLANG_WARN_ENUM_CONVERSION = YES;
				CLANG_WARN_INFINITE_RECURSION = YES;
				CLANG_WARN_INT_CONVERSION = YES;
				CLANG_WARN_NON_LITERAL_NULL_CONVERSION = YES;
				CLANG_WARN_OBJC_IMPLICIT_RETAIN_SELF = YES;
				CLANG_WARN_OBJC_LITERAL_CONVERSION = YES;
				CLANG_WARN_OBJC_ROOT_CLASS = YES_ERROR;
				CLANG_WARN_QUOTED_INCLUDE_IN_FRAMEWORK_HEADER = YES;
				CLANG_WARN_RANGE_LOOP_ANALYSIS = YES;
				CLANG_WARN_STRICT_PROTOTYPES = YES;
				CLANG_WARN_SUSPICIOUS_MOVE = YES;
				CLANG_WARN_UNGUARDED_AVAILABILITY = YES_AGGRESSIVE;
				CLANG_WARN_UNREACHABLE_CODE = YES;
				CLANG_WARN__DUPLICATE_METHOD_MATCH = YES;
				COPY_PHASE_STRIP = NO;
				DEBUG_INFORMATION_FORMAT = dwarf;
				ENABLE_STRICT_OBJC_MSGSEND = YES;
				ENABLE_TESTABILITY = YES;
				GCC_C_LANGUAGE_STANDARD = gnu11;
				GCC_DYNAMIC_NO_PIC = NO;
				GCC_NO_COMMON_BLOCKS = YES;
				GCC_OPTIMIZATION_LEVEL = 0;
				GCC_PREPROCESSOR_DEFINITIONS = (
					"DEBUG=1",
					"$(inherited)",
				);
				GCC_WARN_64_TO_32_BIT_CONVERSION = YES;
				GCC_WARN_ABOUT_RETURN_TYPE = YES_ERROR;
				GCC_WARN_UNDECLARED_SELECTOR = YES;
				GCC_WARN_UNINITIALIZED_AUTOS = YES_AGGRESSIVE;
				GCC_WARN_UNUSED_FUNCTION = YES;
				GCC_WARN_UNUSED_VARIABLE = YES;
				IPHONEOS_DEPLOYMENT_TARGET = 14.5;
				MTL_ENABLE_DEBUG_INFO = INCLUDE_SOURCE;
				MTL_FAST_MATH = YES;
				ONLY_ACTIVE_ARCH = YES;
				SDKROOT = iphoneos;
				SWIFT_ACTIVE_COMPILATION_CONDITIONS = DEBUG;
				SWIFT_OPTIMIZATION_LEVEL = "-Onone";
			};
			name = Debug;
		};
		CBB506CE26C3CE3000AE9638 /* Release */ = {
			isa = XCBuildConfiguration;
			buildSettings = {
				ALWAYS_SEARCH_USER_PATHS = NO;
				CLANG_ANALYZER_NONNULL = YES;
				CLANG_ANALYZER_NUMBER_OBJECT_CONVERSION = YES_AGGRESSIVE;
				CLANG_CXX_LANGUAGE_STANDARD = "gnu++14";
				CLANG_CXX_LIBRARY = "libc++";
				CLANG_ENABLE_MODULES = YES;
				CLANG_ENABLE_OBJC_ARC = YES;
				CLANG_ENABLE_OBJC_WEAK = YES;
				CLANG_WARN_BLOCK_CAPTURE_AUTORELEASING = YES;
				CLANG_WARN_BOOL_CONVERSION = YES;
				CLANG_WARN_COMMA = YES;
				CLANG_WARN_CONSTANT_CONVERSION = YES;
				CLANG_WARN_DEPRECATED_OBJC_IMPLEMENTATIONS = YES;
				CLANG_WARN_DIRECT_OBJC_ISA_USAGE = YES_ERROR;
				CLANG_WARN_DOCUMENTATION_COMMENTS = YES;
				CLANG_WARN_EMPTY_BODY = YES;
				CLANG_WARN_ENUM_CONVERSION = YES;
				CLANG_WARN_INFINITE_RECURSION = YES;
				CLANG_WARN_INT_CONVERSION = YES;
				CLANG_WARN_NON_LITERAL_NULL_CONVERSION = YES;
				CLANG_WARN_OBJC_IMPLICIT_RETAIN_SELF = YES;
				CLANG_WARN_OBJC_LITERAL_CONVERSION = YES;
				CLANG_WARN_OBJC_ROOT_CLASS = YES_ERROR;
				CLANG_WARN_QUOTED_INCLUDE_IN_FRAMEWORK_HEADER = YES;
				CLANG_WARN_RANGE_LOOP_ANALYSIS = YES;
				CLANG_WARN_STRICT_PROTOTYPES = YES;
				CLANG_WARN_SUSPICIOUS_MOVE = YES;
				CLANG_WARN_UNGUARDED_AVAILABILITY = YES_AGGRESSIVE;
				CLANG_WARN_UNREACHABLE_CODE = YES;
				CLANG_WARN__DUPLICATE_METHOD_MATCH = YES;
				COPY_PHASE_STRIP = NO;
				DEBUG_INFORMATION_FORMAT = "dwarf-with-dsym";
				ENABLE_NS_ASSERTIONS = NO;
				ENABLE_STRICT_OBJC_MSGSEND = YES;
				GCC_C_LANGUAGE_STANDARD = gnu11;
				GCC_NO_COMMON_BLOCKS = YES;
				GCC_WARN_64_TO_32_BIT_CONVERSION = YES;
				GCC_WARN_ABOUT_RETURN_TYPE = YES_ERROR;
				GCC_WARN_UNDECLARED_SELECTOR = YES;
				GCC_WARN_UNINITIALIZED_AUTOS = YES_AGGRESSIVE;
				GCC_WARN_UNUSED_FUNCTION = YES;
				GCC_WARN_UNUSED_VARIABLE = YES;
				IPHONEOS_DEPLOYMENT_TARGET = 14.5;
				MTL_ENABLE_DEBUG_INFO = NO;
				MTL_FAST_MATH = YES;
				SDKROOT = iphoneos;
				SWIFT_COMPILATION_MODE = wholemodule;
				SWIFT_OPTIMIZATION_LEVEL = "-O";
				VALIDATE_PRODUCT = YES;
			};
			name = Release;
		};
		CBB506D026C3CE3000AE9638 /* Debug */ = {
			isa = XCBuildConfiguration;
			buildSettings = {
				ASSETCATALOG_COMPILER_APPICON_NAME = AppIcon;
				ASSETCATALOG_COMPILER_GLOBAL_ACCENT_COLOR_NAME = AccentColor;
				CODE_SIGN_STYLE = Automatic;
				DEVELOPMENT_TEAM = "";
				INFOPLIST_FILE = TapFight/Info.plist;
				LD_RUNPATH_SEARCH_PATHS = (
					"$(inherited)",
					"@executable_path/Frameworks",
				);
				PRODUCT_BUNDLE_IDENTIFIER = com.example.TapFight;
				PRODUCT_NAME = "$(TARGET_NAME)";
				SWIFT_VERSION = 5.0;
				TARGETED_DEVICE_FAMILY = "1,2";
			};
			name = Debug;
		};
		CBB506D126C3CE3000AE9638 /* Release */ = {
			isa = XCBuildConfiguration;
			buildSettings = {
				ASSETCATALOG_COMPILER_APPICON_NAME = AppIcon;
				ASSETCATALOG_COMPILER_GLOBAL_ACCENT_COLOR_NAME = AccentColor;
				CODE_SIGN_STYLE = Automatic;
				DEVELOPMENT_TEAM = "";
				INFOPLIST_FILE = TapFight/Info.plist;
				LD_RUNPATH_SEARCH_PATHS = (
					"$(inherited)",
					"@executable_path/Frameworks",
				);
				PRODUCT_BUNDLE_IDENTIFIER = com.example.TapFight;
				PRODUCT_NAME = "$(TARGET_NAME)";
				SWIFT_VERSION = 5.0;
				TARGETED_DEVICE_FAMILY = "1,2";
			};
			name = Release;
		};
/* End XCBuildConfiguration section */

/* Begin XCConfigurationList section */
		CBB506B626C3CE2E00AE9638 /* Build configuration list for PBXProject "TapFight" */ = {
			isa = XCConfigurationList;
			buildConfigurations = (
				CBB506CD26C3CE3000AE9638 /* Debug */,
				CBB506CE26C3CE3000AE9638 /* Release */,
			);
			defaultConfigurationIsVisible = 0;
			defaultConfigurationName = Release;
		};
		CBB506CF26C3CE3000AE9638 /* Build configuration list for PBXNativeTarget "TapFight" */ = {
			isa = XCConfigurationList;
			buildConfigurations = (
				CBB506D026C3CE3000AE9638 /* Debug */,
				CBB506D126C3CE3000AE9638 /* Release */,
			);
			defaultConfigurationIsVisible = 0;
			defaultConfigurationName = Release;
		};
/* End XCConfigurationList section */
	};
	rootObject = CBB506B326C3CE2E00AE9638 /* Project object */;
}
